
Microsoft Visual Studio Solution File, Format Version 12.00
# Visual Studio 15
VisualStudioVersion = 15.0.28307.136
MinimumVisualStudioVersion = 10.0.40219.1
Project("{FAE04EC0-301F-11D3-BF4B-00C04F79EFBC}") = "projeto-xadrez", "projeto-xadrez\projeto-xadrez.csproj", "{69344C7B-4903-4DF9-8EB0-B6C87401312C}"
EndProject
Global
	GlobalSection(SolutionConfigurationPlatforms) = preSolution
		Debug|Any CPU = Debug|Any CPU
		Release|Any CPU = Release|Any CPU
	EndGlobalSection
	GlobalSection(ProjectConfigurationPlatforms) = postSolution
		{69344C7B-4903-4DF9-8EB0-B6C87401312C}.Debug|Any CPU.ActiveCfg = Debug|Any CPU
		{69344C7B-4903-4DF9-8EB0-B6C87401312C}.Debug|Any CPU.Build.0 = Debug|Any CPU
		{69344C7B-4903-4DF9-8EB0-B6C87401312C}.Release|Any CPU.ActiveCfg = Release|Any CPU
		{69344C7B-4903-4DF9-8EB0-B6C87401312C}.Release|Any CPU.Build.0 = Release|Any CPU
	EndGlobalSection
	GlobalSection(SolutionProperties) = preSolution
		HideSolutionNode = FALSE
	EndGlobalSection
	GlobalSection(ExtensibilityGlobals) = postSolution
		SolutionGuid = {69D00622-5F92-4912-864C-96ACDBF35A77}
	EndGlobalSection
EndGlobal
